// !$*UTF8*$!
{
	archiveVersion = 1;
	classes = {
	};
	objectVersion = 56;
	objects = {

/* Begin PBXBuildFile section */
		2E0809B72BDBBB8500EA2C15 /* SnapKit in Frameworks */ = {isa = PBXBuildFile; productRef = 2E0809B62BDBBB8500EA2C15 /* SnapKit */; };
		2E0809B92BDBBB8500EA2C15 /* SnapKit-Dynamic in Frameworks */ = {isa = PBXBuildFile; productRef = 2E0809B82BDBBB8500EA2C15 /* SnapKit-Dynamic */; };
		2E0809BC2BDBBBBB00EA2C15 /* Then in Frameworks */ = {isa = PBXBuildFile; productRef = 2E0809BB2BDBBBBB00EA2C15 /* Then */; };
		2EF83BB92BDADCF1007DCDA3 /* AppDelegate.swift in Sources */ = {isa = PBXBuildFile; fileRef = 2EF83BB82BDADCF1007DCDA3 /* AppDelegate.swift */; };
		2EF83BBB2BDADCF1007DCDA3 /* SceneDelegate.swift in Sources */ = {isa = PBXBuildFile; fileRef = 2EF83BBA2BDADCF1007DCDA3 /* SceneDelegate.swift */; };
		2EF83BC22BDADCF2007DCDA3 /* Assets.xcassets in Resources */ = {isa = PBXBuildFile; fileRef = 2EF83BC12BDADCF2007DCDA3 /* Assets.xcassets */; };
		2EF83BC52BDADCF2007DCDA3 /* Base in Resources */ = {isa = PBXBuildFile; fileRef = 2EF83BC42BDADCF2007DCDA3 /* Base */; };
		2EF83BCD2BDADDD5007DCDA3 /* Extensions.swift in Sources */ = {isa = PBXBuildFile; fileRef = 2EF83BCC2BDADDD5007DCDA3 /* Extensions.swift */; };
		2EF83BD72BDADE39007DCDA3 /* LoginViewController.swift in Sources */ = {isa = PBXBuildFile; fileRef = 2EF83BCE2BDADE39007DCDA3 /* LoginViewController.swift */; };
		2EF83BDD2BDADE39007DCDA3 /* WelcomeViewController.swift in Sources */ = {isa = PBXBuildFile; fileRef = 2EF83BD52BDADE39007DCDA3 /* WelcomeViewController.swift */; };
		2EF83BFB2BDAE2EC007DCDA3 /* Pretendard-ExtraLight.ttf in Resources */ = {isa = PBXBuildFile; fileRef = 2EF83BF22BDAE2EB007DCDA3 /* Pretendard-ExtraLight.ttf */; };
		2EF83BFC2BDAE2EC007DCDA3 /* Pretendard-Medium.ttf in Resources */ = {isa = PBXBuildFile; fileRef = 2EF83BF32BDAE2EB007DCDA3 /* Pretendard-Medium.ttf */; };
		2EF83BFD2BDAE2EC007DCDA3 /* Pretendard-ExtraBold.ttf in Resources */ = {isa = PBXBuildFile; fileRef = 2EF83BF42BDAE2EC007DCDA3 /* Pretendard-ExtraBold.ttf */; };
		2EF83BFE2BDAE2EC007DCDA3 /* Pretendard-Light.ttf in Resources */ = {isa = PBXBuildFile; fileRef = 2EF83BF52BDAE2EC007DCDA3 /* Pretendard-Light.ttf */; };
		2EF83BFF2BDAE2EC007DCDA3 /* Pretendard-Bold.ttf in Resources */ = {isa = PBXBuildFile; fileRef = 2EF83BF62BDAE2EC007DCDA3 /* Pretendard-Bold.ttf */; };
		2EF83C002BDAE2EC007DCDA3 /* Pretendard-SemiBold.ttf in Resources */ = {isa = PBXBuildFile; fileRef = 2EF83BF72BDAE2EC007DCDA3 /* Pretendard-SemiBold.ttf */; };
		2EF83C012BDAE2EC007DCDA3 /* Pretendard-Thin.ttf in Resources */ = {isa = PBXBuildFile; fileRef = 2EF83BF82BDAE2EC007DCDA3 /* Pretendard-Thin.ttf */; };
		2EF83C022BDAE2EC007DCDA3 /* Pretendard-Black.ttf in Resources */ = {isa = PBXBuildFile; fileRef = 2EF83BF92BDAE2EC007DCDA3 /* Pretendard-Black.ttf */; };
		2EF83C032BDAE2EC007DCDA3 /* Pretendard-Regular.ttf in Resources */ = {isa = PBXBuildFile; fileRef = 2EF83BFA2BDAE2EC007DCDA3 /* Pretendard-Regular.ttf */; };
		2EF83C3C2BDAE7F7007DCDA3 /* LoginViewController_AutoLayout.swift in Sources */ = {isa = PBXBuildFile; fileRef = 2EF83C352BDAE7F7007DCDA3 /* LoginViewController_AutoLayout.swift */; };
		2EF83C3D2BDAE7F7007DCDA3 /* LoginViewController_Closure.swift in Sources */ = {isa = PBXBuildFile; fileRef = 2EF83C362BDAE7F7007DCDA3 /* LoginViewController_Closure.swift */; };
		2EF83C3E2BDAE7F7007DCDA3 /* LoginViewController_DelegatePattern.swift in Sources */ = {isa = PBXBuildFile; fileRef = 2EF83C372BDAE7F7007DCDA3 /* LoginViewController_DelegatePattern.swift */; };
		2EF83C3F2BDAE7F7007DCDA3 /* LoginViewController_Snapkit.swift in Sources */ = {isa = PBXBuildFile; fileRef = 2EF83C382BDAE7F7007DCDA3 /* LoginViewController_Snapkit.swift */; };
		2EF83C402BDAE7F7007DCDA3 /* WelcomeViewController_Closure.swift in Sources */ = {isa = PBXBuildFile; fileRef = 2EF83C392BDAE7F7007DCDA3 /* WelcomeViewController_Closure.swift */; };
		2EF83C412BDAE7F7007DCDA3 /* WelcomeViewController_DelegatePattern.swift in Sources */ = {isa = PBXBuildFile; fileRef = 2EF83C3A2BDAE7F7007DCDA3 /* WelcomeViewController_DelegatePattern.swift */; };
		2EF83C582BDBB957007DCDA3 /* LoginView.swift in Sources */ = {isa = PBXBuildFile; fileRef = 2EF83C572BDBB957007DCDA3 /* LoginView.swift */; };
		2EF83C5A2BDBBA0C007DCDA3 /* LoginViewController_CustomView.swift in Sources */ = {isa = PBXBuildFile; fileRef = 2EF83C592BDBBA0B007DCDA3 /* LoginViewController_CustomView.swift */; };
		2EF83C5E2BDBBA3D007DCDA3 /* ChatModel.swift in Sources */ = {isa = PBXBuildFile; fileRef = 2EF83C5B2BDBBA3C007DCDA3 /* ChatModel.swift */; };
		2EF83C5F2BDBBA3D007DCDA3 /* ChatTableViewCell.swift in Sources */ = {isa = PBXBuildFile; fileRef = 2EF83C5C2BDBBA3C007DCDA3 /* ChatTableViewCell.swift */; };
		2EF83C602BDBBA3D007DCDA3 /* ChatViewController.swift in Sources */ = {isa = PBXBuildFile; fileRef = 2EF83C5D2BDBBA3D007DCDA3 /* ChatViewController.swift */; };
/* End PBXBuildFile section */

/* Begin PBXFileReference section */
		2EF83BB52BDADCF1007DCDA3 /* 34th-Sopt-Seminar.app */ = {isa = PBXFileReference; explicitFileType = wrapper.application; includeInIndex = 0; path = "34th-Sopt-Seminar.app"; sourceTree = BUILT_PRODUCTS_DIR; };
		2EF83BB82BDADCF1007DCDA3 /* AppDelegate.swift */ = {isa = PBXFileReference; lastKnownFileType = sourcecode.swift; path = AppDelegate.swift; sourceTree = "<group>"; };
		2EF83BBA2BDADCF1007DCDA3 /* SceneDelegate.swift */ = {isa = PBXFileReference; lastKnownFileType = sourcecode.swift; path = SceneDelegate.swift; sourceTree = "<group>"; };
		2EF83BC12BDADCF2007DCDA3 /* Assets.xcassets */ = {isa = PBXFileReference; lastKnownFileType = folder.assetcatalog; path = Assets.xcassets; sourceTree = "<group>"; };
		2EF83BC42BDADCF2007DCDA3 /* Base */ = {isa = PBXFileReference; lastKnownFileType = file.storyboard; name = Base; path = Base.lproj/LaunchScreen.storyboard; sourceTree = "<group>"; };
		2EF83BC62BDADCF2007DCDA3 /* Info.plist */ = {isa = PBXFileReference; lastKnownFileType = text.plist.xml; path = Info.plist; sourceTree = "<group>"; };
		2EF83BCC2BDADDD5007DCDA3 /* Extensions.swift */ = {isa = PBXFileReference; fileEncoding = 4; lastKnownFileType = sourcecode.swift; path = Extensions.swift; sourceTree = "<group>"; };
		2EF83BCE2BDADE39007DCDA3 /* LoginViewController.swift */ = {isa = PBXFileReference; fileEncoding = 4; lastKnownFileType = sourcecode.swift; path = LoginViewController.swift; sourceTree = "<group>"; };
		2EF83BD52BDADE39007DCDA3 /* WelcomeViewController.swift */ = {isa = PBXFileReference; fileEncoding = 4; lastKnownFileType = sourcecode.swift; path = WelcomeViewController.swift; sourceTree = "<group>"; };
		2EF83BF22BDAE2EB007DCDA3 /* Pretendard-ExtraLight.ttf */ = {isa = PBXFileReference; lastKnownFileType = file; path = "Pretendard-ExtraLight.ttf"; sourceTree = "<group>"; };
		2EF83BF32BDAE2EB007DCDA3 /* Pretendard-Medium.ttf */ = {isa = PBXFileReference; lastKnownFileType = file; path = "Pretendard-Medium.ttf"; sourceTree = "<group>"; };
		2EF83BF42BDAE2EC007DCDA3 /* Pretendard-ExtraBold.ttf */ = {isa = PBXFileReference; lastKnownFileType = file; path = "Pretendard-ExtraBold.ttf"; sourceTree = "<group>"; };
		2EF83BF52BDAE2EC007DCDA3 /* Pretendard-Light.ttf */ = {isa = PBXFileReference; lastKnownFileType = file; path = "Pretendard-Light.ttf"; sourceTree = "<group>"; };
		2EF83BF62BDAE2EC007DCDA3 /* Pretendard-Bold.ttf */ = {isa = PBXFileReference; lastKnownFileType = file; path = "Pretendard-Bold.ttf"; sourceTree = "<group>"; };
		2EF83BF72BDAE2EC007DCDA3 /* Pretendard-SemiBold.ttf */ = {isa = PBXFileReference; lastKnownFileType = file; path = "Pretendard-SemiBold.ttf"; sourceTree = "<group>"; };
		2EF83BF82BDAE2EC007DCDA3 /* Pretendard-Thin.ttf */ = {isa = PBXFileReference; lastKnownFileType = file; path = "Pretendard-Thin.ttf"; sourceTree = "<group>"; };
		2EF83BF92BDAE2EC007DCDA3 /* Pretendard-Black.ttf */ = {isa = PBXFileReference; lastKnownFileType = file; path = "Pretendard-Black.ttf"; sourceTree = "<group>"; };
		2EF83BFA2BDAE2EC007DCDA3 /* Pretendard-Regular.ttf */ = {isa = PBXFileReference; lastKnownFileType = file; path = "Pretendard-Regular.ttf"; sourceTree = "<group>"; };
		2EF83C352BDAE7F7007DCDA3 /* LoginViewController_AutoLayout.swift */ = {isa = PBXFileReference; fileEncoding = 4; lastKnownFileType = sourcecode.swift; path = LoginViewController_AutoLayout.swift; sourceTree = "<group>"; };
		2EF83C362BDAE7F7007DCDA3 /* LoginViewController_Closure.swift */ = {isa = PBXFileReference; fileEncoding = 4; lastKnownFileType = sourcecode.swift; path = LoginViewController_Closure.swift; sourceTree = "<group>"; };
		2EF83C372BDAE7F7007DCDA3 /* LoginViewController_DelegatePattern.swift */ = {isa = PBXFileReference; fileEncoding = 4; lastKnownFileType = sourcecode.swift; path = LoginViewController_DelegatePattern.swift; sourceTree = "<group>"; };
		2EF83C382BDAE7F7007DCDA3 /* LoginViewController_Snapkit.swift */ = {isa = PBXFileReference; fileEncoding = 4; lastKnownFileType = sourcecode.swift; path = LoginViewController_Snapkit.swift; sourceTree = "<group>"; };
		2EF83C392BDAE7F7007DCDA3 /* WelcomeViewController_Closure.swift */ = {isa = PBXFileReference; fileEncoding = 4; lastKnownFileType = sourcecode.swift; path = WelcomeViewController_Closure.swift; sourceTree = "<group>"; };
		2EF83C3A2BDAE7F7007DCDA3 /* WelcomeViewController_DelegatePattern.swift */ = {isa = PBXFileReference; fileEncoding = 4; lastKnownFileType = sourcecode.swift; path = WelcomeViewController_DelegatePattern.swift; sourceTree = "<group>"; };
		2EF83C572BDBB957007DCDA3 /* LoginView.swift */ = {isa = PBXFileReference; fileEncoding = 4; lastKnownFileType = sourcecode.swift; path = LoginView.swift; sourceTree = "<group>"; };
		2EF83C592BDBBA0B007DCDA3 /* LoginViewController_CustomView.swift */ = {isa = PBXFileReference; fileEncoding = 4; lastKnownFileType = sourcecode.swift; path = LoginViewController_CustomView.swift; sourceTree = "<group>"; };
		2EF83C5B2BDBBA3C007DCDA3 /* ChatModel.swift */ = {isa = PBXFileReference; fileEncoding = 4; lastKnownFileType = sourcecode.swift; path = ChatModel.swift; sourceTree = "<group>"; };
		2EF83C5C2BDBBA3C007DCDA3 /* ChatTableViewCell.swift */ = {isa = PBXFileReference; fileEncoding = 4; lastKnownFileType = sourcecode.swift; path = ChatTableViewCell.swift; sourceTree = "<group>"; };
		2EF83C5D2BDBBA3D007DCDA3 /* ChatViewController.swift */ = {isa = PBXFileReference; fileEncoding = 4; lastKnownFileType = sourcecode.swift; path = ChatViewController.swift; sourceTree = "<group>"; };
/* End PBXFileReference section */

/* Begin PBXFrameworksBuildPhase section */
		2EF83BB22BDADCF1007DCDA3 /* Frameworks */ = {
			isa = PBXFrameworksBuildPhase;
			buildActionMask = 2147483647;
			files = (
				2E0809B72BDBBB8500EA2C15 /* SnapKit in Frameworks */,
				2E0809BC2BDBBBBB00EA2C15 /* Then in Frameworks */,
				2E0809B92BDBBB8500EA2C15 /* SnapKit-Dynamic in Frameworks */,
			);
			runOnlyForDeploymentPostprocessing = 0;
		};
/* End PBXFrameworksBuildPhase section */

/* Begin PBXGroup section */
		2EF83BAC2BDADCF1007DCDA3 = {
			isa = PBXGroup;
			children = (
				2EF83BB72BDADCF1007DCDA3 /* 34th-Sopt-Seminar */,
				2EF83BB62BDADCF1007DCDA3 /* Products */,
			);
			sourceTree = "<group>";
		};
		2EF83BB62BDADCF1007DCDA3 /* Products */ = {
			isa = PBXGroup;
			children = (
				2EF83BB52BDADCF1007DCDA3 /* 34th-Sopt-Seminar.app */,
			);
			name = Products;
			sourceTree = "<group>";
		};
		2EF83BB72BDADCF1007DCDA3 /* 34th-Sopt-Seminar */ = {
			isa = PBXGroup;
			children = (
				2EF83C562BDBB908007DCDA3 /* Week3 */,
				2EF83BD62BDADE39007DCDA3 /* Week1 */,
				2EF83C3B2BDAE7F7007DCDA3 /* Week2 */,
				2EF83BDF2BDADF01007DCDA3 /* Font */,
				2EF83BB82BDADCF1007DCDA3 /* AppDelegate.swift */,
				2EF83BBA2BDADCF1007DCDA3 /* SceneDelegate.swift */,
				2EF83BCC2BDADDD5007DCDA3 /* Extensions.swift */,
				2EF83BC12BDADCF2007DCDA3 /* Assets.xcassets */,
				2EF83BC32BDADCF2007DCDA3 /* LaunchScreen.storyboard */,
				2EF83BC62BDADCF2007DCDA3 /* Info.plist */,
			);
			path = "34th-Sopt-Seminar";
			sourceTree = "<group>";
		};
		2EF83BD62BDADE39007DCDA3 /* Week1 */ = {
			isa = PBXGroup;
			children = (
				2EF83BCE2BDADE39007DCDA3 /* LoginViewController.swift */,
				2EF83BD52BDADE39007DCDA3 /* WelcomeViewController.swift */,
			);
			path = Week1;
			sourceTree = "<group>";
		};
		2EF83BDF2BDADF01007DCDA3 /* Font */ = {
			isa = PBXGroup;
			children = (
				2EF83BF92BDAE2EC007DCDA3 /* Pretendard-Black.ttf */,
				2EF83BF62BDAE2EC007DCDA3 /* Pretendard-Bold.ttf */,
				2EF83BF42BDAE2EC007DCDA3 /* Pretendard-ExtraBold.ttf */,
				2EF83BF22BDAE2EB007DCDA3 /* Pretendard-ExtraLight.ttf */,
				2EF83BF52BDAE2EC007DCDA3 /* Pretendard-Light.ttf */,
				2EF83BF32BDAE2EB007DCDA3 /* Pretendard-Medium.ttf */,
				2EF83BFA2BDAE2EC007DCDA3 /* Pretendard-Regular.ttf */,
				2EF83BF72BDAE2EC007DCDA3 /* Pretendard-SemiBold.ttf */,
				2EF83BF82BDAE2EC007DCDA3 /* Pretendard-Thin.ttf */,
			);
			path = Font;
			sourceTree = "<group>";
		};
		2EF83C3B2BDAE7F7007DCDA3 /* Week2 */ = {
			isa = PBXGroup;
			children = (
				2EF83C352BDAE7F7007DCDA3 /* LoginViewController_AutoLayout.swift */,
				2EF83C362BDAE7F7007DCDA3 /* LoginViewController_Closure.swift */,
				2EF83C372BDAE7F7007DCDA3 /* LoginViewController_DelegatePattern.swift */,
				2EF83C382BDAE7F7007DCDA3 /* LoginViewController_Snapkit.swift */,
				2EF83C392BDAE7F7007DCDA3 /* WelcomeViewController_Closure.swift */,
				2EF83C3A2BDAE7F7007DCDA3 /* WelcomeViewController_DelegatePattern.swift */,
			);
			path = Week2;
			sourceTree = "<group>";
		};
		2EF83C562BDBB908007DCDA3 /* Week3 */ = {
			isa = PBXGroup;
			children = (
				2EF83C572BDBB957007DCDA3 /* LoginView.swift */,
				2EF83C592BDBBA0B007DCDA3 /* LoginViewController_CustomView.swift */,
				2EF83C5B2BDBBA3C007DCDA3 /* ChatModel.swift */,
				2EF83C5C2BDBBA3C007DCDA3 /* ChatTableViewCell.swift */,
				2EF83C5D2BDBBA3D007DCDA3 /* ChatViewController.swift */,
			);
			path = Week3;
			sourceTree = "<group>";
		};
/* End PBXGroup section */

/* Begin PBXNativeTarget section */
		2EF83BB42BDADCF1007DCDA3 /* 34th-Sopt-Seminar */ = {
			isa = PBXNativeTarget;
			buildConfigurationList = 2EF83BC92BDADCF2007DCDA3 /* Build configuration list for PBXNativeTarget "34th-Sopt-Seminar" */;
			buildPhases = (
				2EF83BB12BDADCF1007DCDA3 /* Sources */,
				2EF83BB22BDADCF1007DCDA3 /* Frameworks */,
				2EF83BB32BDADCF1007DCDA3 /* Resources */,
			);
			buildRules = (
			);
			dependencies = (
			);
			name = "34th-Sopt-Seminar";
			packageProductDependencies = (
				2E0809B62BDBBB8500EA2C15 /* SnapKit */,
				2E0809B82BDBBB8500EA2C15 /* SnapKit-Dynamic */,
				2E0809BB2BDBBBBB00EA2C15 /* Then */,
			);
			productName = "34th-Sopt-Seminar";
			productReference = 2EF83BB52BDADCF1007DCDA3 /* 34th-Sopt-Seminar.app */;
			productType = "com.apple.product-type.application";
		};
/* End PBXNativeTarget section */

/* Begin PBXProject section */
		2EF83BAD2BDADCF1007DCDA3 /* Project object */ = {
			isa = PBXProject;
			attributes = {
				BuildIndependentTargetsInParallel = 1;
				LastSwiftUpdateCheck = 1530;
				LastUpgradeCheck = 1530;
				TargetAttributes = {
					2EF83BB42BDADCF1007DCDA3 = {
						CreatedOnToolsVersion = 15.3;
					};
				};
			};
			buildConfigurationList = 2EF83BB02BDADCF1007DCDA3 /* Build configuration list for PBXProject "34th-Sopt-Seminar" */;
			compatibilityVersion = "Xcode 14.0";
			developmentRegion = en;
			hasScannedForEncodings = 0;
			knownRegions = (
				en,
				Base,
			);
			mainGroup = 2EF83BAC2BDADCF1007DCDA3;
			packageReferences = (
				2E0809B52BDBBB8500EA2C15 /* XCRemoteSwiftPackageReference "SnapKit" */,
				2E0809BA2BDBBBBB00EA2C15 /* XCRemoteSwiftPackageReference "Then" */,
			);
			productRefGroup = 2EF83BB62BDADCF1007DCDA3 /* Products */;
			projectDirPath = "";
			projectRoot = "";
			targets = (
				2EF83BB42BDADCF1007DCDA3 /* 34th-Sopt-Seminar */,
			);
		};
/* End PBXProject section */

/* Begin PBXResourcesBuildPhase section */
		2EF83BB32BDADCF1007DCDA3 /* Resources */ = {
			isa = PBXResourcesBuildPhase;
			buildActionMask = 2147483647;
			files = (
				2EF83C012BDAE2EC007DCDA3 /* Pretendard-Thin.ttf in Resources */,
				2EF83C032BDAE2EC007DCDA3 /* Pretendard-Regular.ttf in Resources */,
				2EF83C002BDAE2EC007DCDA3 /* Pretendard-SemiBold.ttf in Resources */,
				2EF83BFE2BDAE2EC007DCDA3 /* Pretendard-Light.ttf in Resources */,
				2EF83BFC2BDAE2EC007DCDA3 /* Pretendard-Medium.ttf in Resources */,
				2EF83BFB2BDAE2EC007DCDA3 /* Pretendard-ExtraLight.ttf in Resources */,
				2EF83BFD2BDAE2EC007DCDA3 /* Pretendard-ExtraBold.ttf in Resources */,
				2EF83BC22BDADCF2007DCDA3 /* Assets.xcassets in Resources */,
				2EF83BC52BDADCF2007DCDA3 /* Base in Resources */,
				2EF83BFF2BDAE2EC007DCDA3 /* Pretendard-Bold.ttf in Resources */,
				2EF83C022BDAE2EC007DCDA3 /* Pretendard-Black.ttf in Resources */,
			);
			runOnlyForDeploymentPostprocessing = 0;
		};
/* End PBXResourcesBuildPhase section */

/* Begin PBXSourcesBuildPhase section */
		2EF83BB12BDADCF1007DCDA3 /* Sources */ = {
			isa = PBXSourcesBuildPhase;
			buildActionMask = 2147483647;
			files = (
				2EF83BDD2BDADE39007DCDA3 /* WelcomeViewController.swift in Sources */,
				2EF83BB92BDADCF1007DCDA3 /* AppDelegate.swift in Sources */,
				2EF83C602BDBBA3D007DCDA3 /* ChatViewController.swift in Sources */,
				2EF83BBB2BDADCF1007DCDA3 /* SceneDelegate.swift in Sources */,
				2EF83C5E2BDBBA3D007DCDA3 /* ChatModel.swift in Sources */,
				2EF83C402BDAE7F7007DCDA3 /* WelcomeViewController_Closure.swift in Sources */,
				2EF83C3D2BDAE7F7007DCDA3 /* LoginViewController_Closure.swift in Sources */,
				2EF83C412BDAE7F7007DCDA3 /* WelcomeViewController_DelegatePattern.swift in Sources */,
				2EF83C582BDBB957007DCDA3 /* LoginView.swift in Sources */,
				2EF83C3E2BDAE7F7007DCDA3 /* LoginViewController_DelegatePattern.swift in Sources */,
				2EF83BD72BDADE39007DCDA3 /* LoginViewController.swift in Sources */,
				2EF83BCD2BDADDD5007DCDA3 /* Extensions.swift in Sources */,
				2EF83C5A2BDBBA0C007DCDA3 /* LoginViewController_CustomView.swift in Sources */,
				2EF83C5F2BDBBA3D007DCDA3 /* ChatTableViewCell.swift in Sources */,
				2EF83C3F2BDAE7F7007DCDA3 /* LoginViewController_Snapkit.swift in Sources */,
				2EF83C3C2BDAE7F7007DCDA3 /* LoginViewController_AutoLayout.swift in Sources */,
			);
			runOnlyForDeploymentPostprocessing = 0;
		};
/* End PBXSourcesBuildPhase section */

/* Begin PBXVariantGroup section */
		2EF83BC32BDADCF2007DCDA3 /* LaunchScreen.storyboard */ = {
			isa = PBXVariantGroup;
			children = (
				2EF83BC42BDADCF2007DCDA3 /* Base */,
			);
			name = LaunchScreen.storyboard;
			sourceTree = "<group>";
		};
/* End PBXVariantGroup section */

/* Begin XCBuildConfiguration section */
		2EF83BC72BDADCF2007DCDA3 /* Debug */ = {
			isa = XCBuildConfiguration;
			buildSettings = {
				ALWAYS_SEARCH_USER_PATHS = NO;
				ASSETCATALOG_COMPILER_GENERATE_SWIFT_ASSET_SYMBOL_EXTENSIONS = YES;
				CLANG_ANALYZER_NONNULL = YES;
				CLANG_ANALYZER_NUMBER_OBJECT_CONVERSION = YES_AGGRESSIVE;
				CLANG_CXX_LANGUAGE_STANDARD = "gnu++20";
				CLANG_ENABLE_MODULES = YES;
				CLANG_ENABLE_OBJC_ARC = YES;
				CLANG_ENABLE_OBJC_WEAK = YES;
				CLANG_WARN_BLOCK_CAPTURE_AUTORELEASING = YES;
				CLANG_WARN_BOOL_CONVERSION = YES;
				CLANG_WARN_COMMA = YES;
				CLANG_WARN_CONSTANT_CONVERSION = YES;
				CLANG_WARN_DEPRECATED_OBJC_IMPLEMENTATIONS = YES;
				CLANG_WARN_DIRECT_OBJC_ISA_USAGE = YES_ERROR;
				CLANG_WARN_DOCUMENTATION_COMMENTS = YES;
				CLANG_WARN_EMPTY_BODY = YES;
				CLANG_WARN_ENUM_CONVERSION = YES;
				CLANG_WARN_INFINITE_RECURSION = YES;
				CLANG_WARN_INT_CONVERSION = YES;
				CLANG_WARN_NON_LITERAL_NULL_CONVERSION = YES;
				CLANG_WARN_OBJC_IMPLICIT_RETAIN_SELF = YES;
				CLANG_WARN_OBJC_LITERAL_CONVERSION = YES;
				CLANG_WARN_OBJC_ROOT_CLASS = YES_ERROR;
				CLANG_WARN_QUOTED_INCLUDE_IN_FRAMEWORK_HEADER = YES;
				CLANG_WARN_RANGE_LOOP_ANALYSIS = YES;
				CLANG_WARN_STRICT_PROTOTYPES = YES;
				CLANG_WARN_SUSPICIOUS_MOVE = YES;
				CLANG_WARN_UNGUARDED_AVAILABILITY = YES_AGGRESSIVE;
				CLANG_WARN_UNREACHABLE_CODE = YES;
				CLANG_WARN__DUPLICATE_METHOD_MATCH = YES;
				COPY_PHASE_STRIP = NO;
				DEBUG_INFORMATION_FORMAT = dwarf;
				ENABLE_STRICT_OBJC_MSGSEND = YES;
				ENABLE_TESTABILITY = YES;
				ENABLE_USER_SCRIPT_SANDBOXING = YES;
				GCC_C_LANGUAGE_STANDARD = gnu17;
				GCC_DYNAMIC_NO_PIC = NO;
				GCC_NO_COMMON_BLOCKS = YES;
				GCC_OPTIMIZATION_LEVEL = 0;
				GCC_PREPROCESSOR_DEFINITIONS = (
					"DEBUG=1",
					"$(inherited)",
				);
				GCC_WARN_64_TO_32_BIT_CONVERSION = YES;
				GCC_WARN_ABOUT_RETURN_TYPE = YES_ERROR;
				GCC_WARN_UNDECLARED_SELECTOR = YES;
				GCC_WARN_UNINITIALIZED_AUTOS = YES_AGGRESSIVE;
				GCC_WARN_UNUSED_FUNCTION = YES;
				GCC_WARN_UNUSED_VARIABLE = YES;
				IPHONEOS_DEPLOYMENT_TARGET = 17.4;
				LOCALIZATION_PREFERS_STRING_CATALOGS = YES;
				MTL_ENABLE_DEBUG_INFO = INCLUDE_SOURCE;
				MTL_FAST_MATH = YES;
				ONLY_ACTIVE_ARCH = YES;
				SDKROOT = iphoneos;
				SWIFT_ACTIVE_COMPILATION_CONDITIONS = "DEBUG $(inherited)";
				SWIFT_OPTIMIZATION_LEVEL = "-Onone";
			};
			name = Debug;
		};
		2EF83BC82BDADCF2007DCDA3 /* Release */ = {
			isa = XCBuildConfiguration;
			buildSettings = {
				ALWAYS_SEARCH_USER_PATHS = NO;
				ASSETCATALOG_COMPILER_GENERATE_SWIFT_ASSET_SYMBOL_EXTENSIONS = YES;
				CLANG_ANALYZER_NONNULL = YES;
				CLANG_ANALYZER_NUMBER_OBJECT_CONVERSION = YES_AGGRESSIVE;
				CLANG_CXX_LANGUAGE_STANDARD = "gnu++20";
				CLANG_ENABLE_MODULES = YES;
				CLANG_ENABLE_OBJC_ARC = YES;
				CLANG_ENABLE_OBJC_WEAK = YES;
				CLANG_WARN_BLOCK_CAPTURE_AUTORELEASING = YES;
				CLANG_WARN_BOOL_CONVERSION = YES;
				CLANG_WARN_COMMA = YES;
				CLANG_WARN_CONSTANT_CONVERSION = YES;
				CLANG_WARN_DEPRECATED_OBJC_IMPLEMENTATIONS = YES;
				CLANG_WARN_DIRECT_OBJC_ISA_USAGE = YES_ERROR;
				CLANG_WARN_DOCUMENTATION_COMMENTS = YES;
				CLANG_WARN_EMPTY_BODY = YES;
				CLANG_WARN_ENUM_CONVERSION = YES;
				CLANG_WARN_INFINITE_RECURSION = YES;
				CLANG_WARN_INT_CONVERSION = YES;
				CLANG_WARN_NON_LITERAL_NULL_CONVERSION = YES;
				CLANG_WARN_OBJC_IMPLICIT_RETAIN_SELF = YES;
				CLANG_WARN_OBJC_LITERAL_CONVERSION = YES;
				CLANG_WARN_OBJC_ROOT_CLASS = YES_ERROR;
				CLANG_WARN_QUOTED_INCLUDE_IN_FRAMEWORK_HEADER = YES;
				CLANG_WARN_RANGE_LOOP_ANALYSIS = YES;
				CLANG_WARN_STRICT_PROTOTYPES = YES;
				CLANG_WARN_SUSPICIOUS_MOVE = YES;
				CLANG_WARN_UNGUARDED_AVAILABILITY = YES_AGGRESSIVE;
				CLANG_WARN_UNREACHABLE_CODE = YES;
				CLANG_WARN__DUPLICATE_METHOD_MATCH = YES;
				COPY_PHASE_STRIP = NO;
				DEBUG_INFORMATION_FORMAT = "dwarf-with-dsym";
				ENABLE_NS_ASSERTIONS = NO;
				ENABLE_STRICT_OBJC_MSGSEND = YES;
				ENABLE_USER_SCRIPT_SANDBOXING = YES;
				GCC_C_LANGUAGE_STANDARD = gnu17;
				GCC_NO_COMMON_BLOCKS = YES;
				GCC_WARN_64_TO_32_BIT_CONVERSION = YES;
				GCC_WARN_ABOUT_RETURN_TYPE = YES_ERROR;
				GCC_WARN_UNDECLARED_SELECTOR = YES;
				GCC_WARN_UNINITIALIZED_AUTOS = YES_AGGRESSIVE;
				GCC_WARN_UNUSED_FUNCTION = YES;
				GCC_WARN_UNUSED_VARIABLE = YES;
				IPHONEOS_DEPLOYMENT_TARGET = 17.4;
				LOCALIZATION_PREFERS_STRING_CATALOGS = YES;
				MTL_ENABLE_DEBUG_INFO = NO;
				MTL_FAST_MATH = YES;
				SDKROOT = iphoneos;
				SWIFT_COMPILATION_MODE = wholemodule;
				VALIDATE_PRODUCT = YES;
			};
			name = Release;
		};
		2EF83BCA2BDADCF2007DCDA3 /* Debug */ = {
			isa = XCBuildConfiguration;
			buildSettings = {
				ASSETCATALOG_COMPILER_APPICON_NAME = AppIcon;
				ASSETCATALOG_COMPILER_GLOBAL_ACCENT_COLOR_NAME = AccentColor;
				CODE_SIGN_STYLE = Automatic;
				CURRENT_PROJECT_VERSION = 1;
				GENERATE_INFOPLIST_FILE = YES;
				INFOPLIST_FILE = "34th-Sopt-Seminar/Info.plist";
				INFOPLIST_KEY_UIApplicationSupportsIndirectInputEvents = YES;
				INFOPLIST_KEY_UILaunchStoryboardName = LaunchScreen;
				INFOPLIST_KEY_UISupportedInterfaceOrientations_iPad = "UIInterfaceOrientationPortrait UIInterfaceOrientationPortraitUpsideDown UIInterfaceOrientationLandscapeLeft UIInterfaceOrientationLandscapeRight";
				INFOPLIST_KEY_UISupportedInterfaceOrientations_iPhone = "UIInterfaceOrientationPortrait UIInterfaceOrientationLandscapeLeft UIInterfaceOrientationLandscapeRight";
				LD_RUNPATH_SEARCH_PATHS = (
					"$(inherited)",
					"@executable_path/Frameworks",
				);
				MARKETING_VERSION = 1.0;
				PRODUCT_BUNDLE_IDENTIFIER = "co.chandrala.-4th-Sopt-Seminar";
				PRODUCT_NAME = "$(TARGET_NAME)";
				SWIFT_EMIT_LOC_STRINGS = YES;
				SWIFT_VERSION = 5.0;
				TARGETED_DEVICE_FAMILY = "1,2";
			};
			name = Debug;
		};
		2EF83BCB2BDADCF2007DCDA3 /* Release */ = {
			isa = XCBuildConfiguration;
			buildSettings = {
				ASSETCATALOG_COMPILER_APPICON_NAME = AppIcon;
				ASSETCATALOG_COMPILER_GLOBAL_ACCENT_COLOR_NAME = AccentColor;
				CODE_SIGN_STYLE = Automatic;
				CURRENT_PROJECT_VERSION = 1;
				GENERATE_INFOPLIST_FILE = YES;
				INFOPLIST_FILE = "34th-Sopt-Seminar/Info.plist";
				INFOPLIST_KEY_UIApplicationSupportsIndirectInputEvents = YES;
				INFOPLIST_KEY_UILaunchStoryboardName = LaunchScreen;
				INFOPLIST_KEY_UISupportedInterfaceOrientations_iPad = "UIInterfaceOrientationPortrait UIInterfaceOrientationPortraitUpsideDown UIInterfaceOrientationLandscapeLeft UIInterfaceOrientationLandscapeRight";
				INFOPLIST_KEY_UISupportedInterfaceOrientations_iPhone = "UIInterfaceOrientationPortrait UIInterfaceOrientationLandscapeLeft UIInterfaceOrientationLandscapeRight";
				LD_RUNPATH_SEARCH_PATHS = (
					"$(inherited)",
					"@executable_path/Frameworks",
				);
				MARKETING_VERSION = 1.0;
				PRODUCT_BUNDLE_IDENTIFIER = "co.chandrala.-4th-Sopt-Seminar";
				PRODUCT_NAME = "$(TARGET_NAME)";
				SWIFT_EMIT_LOC_STRINGS = YES;
				SWIFT_VERSION = 5.0;
				TARGETED_DEVICE_FAMILY = "1,2";
			};
			name = Release;
		};
/* End XCBuildConfiguration section */

/* Begin XCConfigurationList section */
		2EF83BB02BDADCF1007DCDA3 /* Build configuration list for PBXProject "34th-Sopt-Seminar" */ = {
			isa = XCConfigurationList;
			buildConfigurations = (
				2EF83BC72BDADCF2007DCDA3 /* Debug */,
				2EF83BC82BDADCF2007DCDA3 /* Release */,
			);
			defaultConfigurationIsVisible = 0;
			defaultConfigurationName = Release;
		};
		2EF83BC92BDADCF2007DCDA3 /* Build configuration list for PBXNativeTarget "34th-Sopt-Seminar" */ = {
			isa = XCConfigurationList;
			buildConfigurations = (
				2EF83BCA2BDADCF2007DCDA3 /* Debug */,
				2EF83BCB2BDADCF2007DCDA3 /* Release */,
			);
			defaultConfigurationIsVisible = 0;
			defaultConfigurationName = Release;
		};
/* End XCConfigurationList section */

/* Begin XCRemoteSwiftPackageReference section */
		2E0809B52BDBBB8500EA2C15 /* XCRemoteSwiftPackageReference "SnapKit" */ = {
			isa = XCRemoteSwiftPackageReference;
			repositoryURL = "https://github.com/SnapKit/SnapKit.git";
			requirement = {
				kind = upToNextMajorVersion;
				minimumVersion = 5.7.1;
			};
		};
		2E0809BA2BDBBBBB00EA2C15 /* XCRemoteSwiftPackageReference "Then" */ = {
			isa = XCRemoteSwiftPackageReference;
			repositoryURL = "https://github.com/devxoul/Then";
			requirement = {
				kind = upToNextMajorVersion;
				minimumVersion = 3.0.0;
			};
		};
/* End XCRemoteSwiftPackageReference section */

/* Begin XCSwiftPackageProductDependency section */
		2E0809B62BDBBB8500EA2C15 /* SnapKit */ = {
			isa = XCSwiftPackageProductDependency;
			package = 2E0809B52BDBBB8500EA2C15 /* XCRemoteSwiftPackageReference "SnapKit" */;
			productName = SnapKit;
		};
		2E0809B82BDBBB8500EA2C15 /* SnapKit-Dynamic */ = {
			isa = XCSwiftPackageProductDependency;
			package = 2E0809B52BDBBB8500EA2C15 /* XCRemoteSwiftPackageReference "SnapKit" */;
			productName = "SnapKit-Dynamic";
		};
		2E0809BB2BDBBBBB00EA2C15 /* Then */ = {
			isa = XCSwiftPackageProductDependency;
			package = 2E0809BA2BDBBBBB00EA2C15 /* XCRemoteSwiftPackageReference "Then" */;
			productName = Then;
		};
/* End XCSwiftPackageProductDependency section */
	};
	rootObject = 2EF83BAD2BDADCF1007DCDA3 /* Project object */;
}
