// !$*UTF8*$!
{
	archiveVersion = 1;
	classes = {
	};
	objectVersion = 56;
	objects = {

/* Begin PBXBuildFile section */
		2E25B8102BBCF1C400130DC7 /* WelcomeViewController.swift in Sources */ = {isa = PBXBuildFile; fileRef = 2E25B80F2BBCF1C400130DC7 /* WelcomeViewController.swift */; };
		2E462DED2BBC2EA700420FFA /* Pretendard-SemiBold.otf in Resources */ = {isa = PBXBuildFile; fileRef = 2E462DE42BBC2EA600420FFA /* Pretendard-SemiBold.otf */; };
		2E462DEE2BBC2EA700420FFA /* Pretendard-Regular.otf in Resources */ = {isa = PBXBuildFile; fileRef = 2E462DE52BBC2EA600420FFA /* Pretendard-Regular.otf */; };
		2E462DEF2BBC2EA700420FFA /* Pretendard-Light.otf in Resources */ = {isa = PBXBuildFile; fileRef = 2E462DE62BBC2EA600420FFA /* Pretendard-Light.otf */; };
		2E462DF02BBC2EA700420FFA /* Pretendard-Bold.otf in Resources */ = {isa = PBXBuildFile; fileRef = 2E462DE72BBC2EA600420FFA /* Pretendard-Bold.otf */; };
		2E462DF12BBC2EA700420FFA /* Pretendard-Black.otf in Resources */ = {isa = PBXBuildFile; fileRef = 2E462DE82BBC2EA600420FFA /* Pretendard-Black.otf */; };
		2E462DF22BBC2EA700420FFA /* Pretendard-Thin.otf in Resources */ = {isa = PBXBuildFile; fileRef = 2E462DE92BBC2EA700420FFA /* Pretendard-Thin.otf */; };
		2E462DF32BBC2EA700420FFA /* Pretendard-ExtraLight.otf in Resources */ = {isa = PBXBuildFile; fileRef = 2E462DEA2BBC2EA700420FFA /* Pretendard-ExtraLight.otf */; };
		2E462DF42BBC2EA700420FFA /* Pretendard-Medium.otf in Resources */ = {isa = PBXBuildFile; fileRef = 2E462DEB2BBC2EA700420FFA /* Pretendard-Medium.otf */; };
		2E462DF52BBC2EA700420FFA /* Pretendard-ExtraBold.otf in Resources */ = {isa = PBXBuildFile; fileRef = 2E462DEC2BBC2EA700420FFA /* Pretendard-ExtraBold.otf */; };
		2E462DF72BBC345F00420FFA /* Extensions.swift in Sources */ = {isa = PBXBuildFile; fileRef = 2E462DF62BBC345F00420FFA /* Extensions.swift */; };
		2E6F0CCA2BB9BFDB005B755B /* AppDelegate.swift in Sources */ = {isa = PBXBuildFile; fileRef = 2E6F0CC92BB9BFDB005B755B /* AppDelegate.swift */; };
		2E6F0CCC2BB9BFDB005B755B /* SceneDelegate.swift in Sources */ = {isa = PBXBuildFile; fileRef = 2E6F0CCB2BB9BFDB005B755B /* SceneDelegate.swift */; };
		2E6F0CD32BB9BFDE005B755B /* Assets.xcassets in Resources */ = {isa = PBXBuildFile; fileRef = 2E6F0CD22BB9BFDE005B755B /* Assets.xcassets */; };
		2E6F0CD62BB9BFDE005B755B /* Base in Resources */ = {isa = PBXBuildFile; fileRef = 2E6F0CD52BB9BFDE005B755B /* Base */; };
		2E6F0CDE2BB9C20C005B755B /* LoginViewController.swift in Sources */ = {isa = PBXBuildFile; fileRef = 2E6F0CDD2BB9C20C005B755B /* LoginViewController.swift */; };
		2EB2177C2BD225C600C8C9C8 /* LoginViewController_DelegatePattern.swift in Sources */ = {isa = PBXBuildFile; fileRef = 2EB2177B2BD225C600C8C9C8 /* LoginViewController_DelegatePattern.swift */; };
		2EB2177E2BD225DE00C8C9C8 /* WelcomeViewController_DelegatePattern.swift in Sources */ = {isa = PBXBuildFile; fileRef = 2EB2177D2BD225DE00C8C9C8 /* WelcomeViewController_DelegatePattern.swift */; };
		2EB217822BD226F600C8C9C8 /* LoginViewController_Closure.swift in Sources */ = {isa = PBXBuildFile; fileRef = 2EB217812BD226F600C8C9C8 /* LoginViewController_Closure.swift */; };
		2EB217842BD2270A00C8C9C8 /* WelcomeViewController_Closure.swift in Sources */ = {isa = PBXBuildFile; fileRef = 2EB217832BD2270A00C8C9C8 /* WelcomeViewController_Closure.swift */; };
/* End PBXBuildFile section */

/* Begin PBXFileReference section */
		2E25B80F2BBCF1C400130DC7 /* WelcomeViewController.swift */ = {isa = PBXFileReference; lastKnownFileType = sourcecode.swift; path = WelcomeViewController.swift; sourceTree = "<group>"; };
		2E462DE42BBC2EA600420FFA /* Pretendard-SemiBold.otf */ = {isa = PBXFileReference; lastKnownFileType = file; name = "Pretendard-SemiBold.otf"; path = "../../../../Downloads/Pretendard-1.3.9/public/static/Pretendard-SemiBold.otf"; sourceTree = "<group>"; };
		2E462DE52BBC2EA600420FFA /* Pretendard-Regular.otf */ = {isa = PBXFileReference; lastKnownFileType = file; name = "Pretendard-Regular.otf"; path = "../../../../Downloads/Pretendard-1.3.9/public/static/Pretendard-Regular.otf"; sourceTree = "<group>"; };
		2E462DE62BBC2EA600420FFA /* Pretendard-Light.otf */ = {isa = PBXFileReference; lastKnownFileType = file; name = "Pretendard-Light.otf"; path = "../../../../Downloads/Pretendard-1.3.9/public/static/Pretendard-Light.otf"; sourceTree = "<group>"; };
		2E462DE72BBC2EA600420FFA /* Pretendard-Bold.otf */ = {isa = PBXFileReference; lastKnownFileType = file; name = "Pretendard-Bold.otf"; path = "../../../../Downloads/Pretendard-1.3.9/public/static/Pretendard-Bold.otf"; sourceTree = "<group>"; };
		2E462DE82BBC2EA600420FFA /* Pretendard-Black.otf */ = {isa = PBXFileReference; lastKnownFileType = file; name = "Pretendard-Black.otf"; path = "../../../../Downloads/Pretendard-1.3.9/public/static/Pretendard-Black.otf"; sourceTree = "<group>"; };
		2E462DE92BBC2EA700420FFA /* Pretendard-Thin.otf */ = {isa = PBXFileReference; lastKnownFileType = file; name = "Pretendard-Thin.otf"; path = "../../../../Downloads/Pretendard-1.3.9/public/static/Pretendard-Thin.otf"; sourceTree = "<group>"; };
		2E462DEA2BBC2EA700420FFA /* Pretendard-ExtraLight.otf */ = {isa = PBXFileReference; lastKnownFileType = file; name = "Pretendard-ExtraLight.otf"; path = "../../../../Downloads/Pretendard-1.3.9/public/static/Pretendard-ExtraLight.otf"; sourceTree = "<group>"; };
		2E462DEB2BBC2EA700420FFA /* Pretendard-Medium.otf */ = {isa = PBXFileReference; lastKnownFileType = file; name = "Pretendard-Medium.otf"; path = "../../../../Downloads/Pretendard-1.3.9/public/static/Pretendard-Medium.otf"; sourceTree = "<group>"; };
		2E462DEC2BBC2EA700420FFA /* Pretendard-ExtraBold.otf */ = {isa = PBXFileReference; lastKnownFileType = file; name = "Pretendard-ExtraBold.otf"; path = "../../../../Downloads/Pretendard-1.3.9/public/static/Pretendard-ExtraBold.otf"; sourceTree = "<group>"; };
		2E462DF62BBC345F00420FFA /* Extensions.swift */ = {isa = PBXFileReference; lastKnownFileType = sourcecode.swift; path = Extensions.swift; sourceTree = "<group>"; };
		2E6F0CC62BB9BFDB005B755B /* SOPT iOS Week1.app */ = {isa = PBXFileReference; explicitFileType = wrapper.application; includeInIndex = 0; path = "SOPT iOS Week1.app"; sourceTree = BUILT_PRODUCTS_DIR; };
		2E6F0CC92BB9BFDB005B755B /* AppDelegate.swift */ = {isa = PBXFileReference; lastKnownFileType = sourcecode.swift; path = AppDelegate.swift; sourceTree = "<group>"; };
		2E6F0CCB2BB9BFDB005B755B /* SceneDelegate.swift */ = {isa = PBXFileReference; lastKnownFileType = sourcecode.swift; path = SceneDelegate.swift; sourceTree = "<group>"; };
		2E6F0CD22BB9BFDE005B755B /* Assets.xcassets */ = {isa = PBXFileReference; lastKnownFileType = folder.assetcatalog; path = Assets.xcassets; sourceTree = "<group>"; };
		2E6F0CD52BB9BFDE005B755B /* Base */ = {isa = PBXFileReference; lastKnownFileType = file.storyboard; name = Base; path = Base.lproj/LaunchScreen.storyboard; sourceTree = "<group>"; };
		2E6F0CD72BB9BFDE005B755B /* Info.plist */ = {isa = PBXFileReference; lastKnownFileType = text.plist.xml; path = Info.plist; sourceTree = "<group>"; };
		2E6F0CDD2BB9C20C005B755B /* LoginViewController.swift */ = {isa = PBXFileReference; lastKnownFileType = sourcecode.swift; path = LoginViewController.swift; sourceTree = "<group>"; };
		2EB2177B2BD225C600C8C9C8 /* LoginViewController_DelegatePattern.swift */ = {isa = PBXFileReference; lastKnownFileType = sourcecode.swift; path = LoginViewController_DelegatePattern.swift; sourceTree = "<group>"; };
		2EB2177D2BD225DE00C8C9C8 /* WelcomeViewController_DelegatePattern.swift */ = {isa = PBXFileReference; lastKnownFileType = sourcecode.swift; path = WelcomeViewController_DelegatePattern.swift; sourceTree = "<group>"; };
		2EB217812BD226F600C8C9C8 /* LoginViewController_Closure.swift */ = {isa = PBXFileReference; lastKnownFileType = sourcecode.swift; path = LoginViewController_Closure.swift; sourceTree = "<group>"; };
		2EB217832BD2270A00C8C9C8 /* WelcomeViewController_Closure.swift */ = {isa = PBXFileReference; lastKnownFileType = sourcecode.swift; path = WelcomeViewController_Closure.swift; sourceTree = "<group>"; };
/* End PBXFileReference section */

/* Begin PBXFrameworksBuildPhase section */
		2E6F0CC32BB9BFDB005B755B /* Frameworks */ = {
			isa = PBXFrameworksBuildPhase;
			buildActionMask = 2147483647;
			files = (
			);
			runOnlyForDeploymentPostprocessing = 0;
		};
/* End PBXFrameworksBuildPhase section */

/* Begin PBXGroup section */
		2E462DC82BBC2DB800420FFA /* Font */ = {
			isa = PBXGroup;
			children = (
				2E462DE82BBC2EA600420FFA /* Pretendard-Black.otf */,
				2E462DE72BBC2EA600420FFA /* Pretendard-Bold.otf */,
				2E462DEC2BBC2EA700420FFA /* Pretendard-ExtraBold.otf */,
				2E462DEA2BBC2EA700420FFA /* Pretendard-ExtraLight.otf */,
				2E462DE62BBC2EA600420FFA /* Pretendard-Light.otf */,
				2E462DEB2BBC2EA700420FFA /* Pretendard-Medium.otf */,
				2E462DE52BBC2EA600420FFA /* Pretendard-Regular.otf */,
				2E462DE42BBC2EA600420FFA /* Pretendard-SemiBold.otf */,
				2E462DE92BBC2EA700420FFA /* Pretendard-Thin.otf */,
			);
			path = Font;
			sourceTree = "<group>";
		};
		2E6F0CBD2BB9BFDB005B755B = {
			isa = PBXGroup;
			children = (
				2E462DC82BBC2DB800420FFA /* Font */,
				2E6F0CC92BB9BFDB005B755B /* AppDelegate.swift */,
				2E6F0CCB2BB9BFDB005B755B /* SceneDelegate.swift */,
				2E462DF62BBC345F00420FFA /* Extensions.swift */,
				2E6F0CD22BB9BFDE005B755B /* Assets.xcassets */,
				2E6F0CD42BB9BFDE005B755B /* LaunchScreen.storyboard */,
				2E6F0CD72BB9BFDE005B755B /* Info.plist */,
				2E6F0CC82BB9BFDB005B755B /* ViewController */,
				2E6F0CC72BB9BFDB005B755B /* Products */,
			);
			sourceTree = "<group>";
		};
		2E6F0CC72BB9BFDB005B755B /* Products */ = {
			isa = PBXGroup;
			children = (
				2E6F0CC62BB9BFDB005B755B /* SOPT iOS Week1.app */,
			);
			name = Products;
			sourceTree = "<group>";
		};
		2E6F0CC82BB9BFDB005B755B /* ViewController */ = {
			isa = PBXGroup;
			children = (
				2E6F0CDD2BB9C20C005B755B /* LoginViewController.swift */,
				2E25B80F2BBCF1C400130DC7 /* WelcomeViewController.swift */,
				2EB2177B2BD225C600C8C9C8 /* LoginViewController_DelegatePattern.swift */,
				2EB2177D2BD225DE00C8C9C8 /* WelcomeViewController_DelegatePattern.swift */,
				2EB217812BD226F600C8C9C8 /* LoginViewController_Closure.swift */,
				2EB217832BD2270A00C8C9C8 /* WelcomeViewController_Closure.swift */,
			);
			path = ViewController;
			sourceTree = "<group>";
		};
/* End PBXGroup section */

/* Begin PBXNativeTarget section */
		2E6F0CC52BB9BFDB005B755B /* SOPT iOS Week1 */ = {
			isa = PBXNativeTarget;
			buildConfigurationList = 2E6F0CDA2BB9BFDE005B755B /* Build configuration list for PBXNativeTarget "SOPT iOS Week1" */;
			buildPhases = (
				2E6F0CC22BB9BFDB005B755B /* Sources */,
				2E6F0CC32BB9BFDB005B755B /* Frameworks */,
				2E6F0CC42BB9BFDB005B755B /* Resources */,
			);
			buildRules = (
			);
			dependencies = (
			);
			name = "SOPT iOS Week1";
			productName = "SOPT iOS Week1";
			productReference = 2E6F0CC62BB9BFDB005B755B /* SOPT iOS Week1.app */;
			productType = "com.apple.product-type.application";
		};
/* End PBXNativeTarget section */

/* Begin PBXProject section */
		2E6F0CBE2BB9BFDB005B755B /* Project object */ = {
			isa = PBXProject;
			attributes = {
				BuildIndependentTargetsInParallel = 1;
				LastSwiftUpdateCheck = 1530;
				LastUpgradeCheck = 1530;
				TargetAttributes = {
					2E6F0CC52BB9BFDB005B755B = {
						CreatedOnToolsVersion = 15.3;
					};
				};
			};
			buildConfigurationList = 2E6F0CC12BB9BFDB005B755B /* Build configuration list for PBXProject "SOPT iOS Week1" */;
			compatibilityVersion = "Xcode 14.0";
			developmentRegion = en;
			hasScannedForEncodings = 0;
			knownRegions = (
				en,
				Base,
			);
			mainGroup = 2E6F0CBD2BB9BFDB005B755B;
			productRefGroup = 2E6F0CC72BB9BFDB005B755B /* Products */;
			projectDirPath = "";
			projectRoot = "";
			targets = (
				2E6F0CC52BB9BFDB005B755B /* SOPT iOS Week1 */,
			);
		};
/* End PBXProject section */

/* Begin PBXResourcesBuildPhase section */
		2E6F0CC42BB9BFDB005B755B /* Resources */ = {
			isa = PBXResourcesBuildPhase;
			buildActionMask = 2147483647;
			files = (
				2E462DF32BBC2EA700420FFA /* Pretendard-ExtraLight.otf in Resources */,
				2E462DF42BBC2EA700420FFA /* Pretendard-Medium.otf in Resources */,
				2E462DED2BBC2EA700420FFA /* Pretendard-SemiBold.otf in Resources */,
				2E462DF02BBC2EA700420FFA /* Pretendard-Bold.otf in Resources */,
				2E462DEE2BBC2EA700420FFA /* Pretendard-Regular.otf in Resources */,
				2E462DF22BBC2EA700420FFA /* Pretendard-Thin.otf in Resources */,
				2E462DF52BBC2EA700420FFA /* Pretendard-ExtraBold.otf in Resources */,
				2E6F0CD32BB9BFDE005B755B /* Assets.xcassets in Resources */,
				2E462DEF2BBC2EA700420FFA /* Pretendard-Light.otf in Resources */,
				2E462DF12BBC2EA700420FFA /* Pretendard-Black.otf in Resources */,
				2E6F0CD62BB9BFDE005B755B /* Base in Resources */,
			);
			runOnlyForDeploymentPostprocessing = 0;
		};
/* End PBXResourcesBuildPhase section */

/* Begin PBXSourcesBuildPhase section */
		2E6F0CC22BB9BFDB005B755B /* Sources */ = {
			isa = PBXSourcesBuildPhase;
			buildActionMask = 2147483647;
			files = (
				2EB217822BD226F600C8C9C8 /* LoginViewController_Closure.swift in Sources */,
				2E6F0CDE2BB9C20C005B755B /* LoginViewController.swift in Sources */,
				2E25B8102BBCF1C400130DC7 /* WelcomeViewController.swift in Sources */,
				2EB2177E2BD225DE00C8C9C8 /* WelcomeViewController_DelegatePattern.swift in Sources */,
				2EB2177C2BD225C600C8C9C8 /* LoginViewController_DelegatePattern.swift in Sources */,
				2E462DF72BBC345F00420FFA /* Extensions.swift in Sources */,
				2E6F0CCA2BB9BFDB005B755B /* AppDelegate.swift in Sources */,
				2EB217842BD2270A00C8C9C8 /* WelcomeViewController_Closure.swift in Sources */,
				2E6F0CCC2BB9BFDB005B755B /* SceneDelegate.swift in Sources */,
			);
			runOnlyForDeploymentPostprocessing = 0;
		};
/* End PBXSourcesBuildPhase section */

/* Begin PBXVariantGroup section */
		2E6F0CD42BB9BFDE005B755B /* LaunchScreen.storyboard */ = {
			isa = PBXVariantGroup;
			children = (
				2E6F0CD52BB9BFDE005B755B /* Base */,
			);
			name = LaunchScreen.storyboard;
			sourceTree = "<group>";
		};
/* End PBXVariantGroup section */

/* Begin XCBuildConfiguration section */
		2E6F0CD82BB9BFDE005B755B /* Debug */ = {
			isa = XCBuildConfiguration;
			buildSettings = {
				ALWAYS_SEARCH_USER_PATHS = NO;
				ASSETCATALOG_COMPILER_GENERATE_SWIFT_ASSET_SYMBOL_EXTENSIONS = YES;
				CLANG_ANALYZER_NONNULL = YES;
				CLANG_ANALYZER_NUMBER_OBJECT_CONVERSION = YES_AGGRESSIVE;
				CLANG_CXX_LANGUAGE_STANDARD = "gnu++20";
				CLANG_ENABLE_MODULES = YES;
				CLANG_ENABLE_OBJC_ARC = YES;
				CLANG_ENABLE_OBJC_WEAK = YES;
				CLANG_WARN_BLOCK_CAPTURE_AUTORELEASING = YES;
				CLANG_WARN_BOOL_CONVERSION = YES;
				CLANG_WARN_COMMA = YES;
				CLANG_WARN_CONSTANT_CONVERSION = YES;
				CLANG_WARN_DEPRECATED_OBJC_IMPLEMENTATIONS = YES;
				CLANG_WARN_DIRECT_OBJC_ISA_USAGE = YES_ERROR;
				CLANG_WARN_DOCUMENTATION_COMMENTS = YES;
				CLANG_WARN_EMPTY_BODY = YES;
				CLANG_WARN_ENUM_CONVERSION = YES;
				CLANG_WARN_INFINITE_RECURSION = YES;
				CLANG_WARN_INT_CONVERSION = YES;
				CLANG_WARN_NON_LITERAL_NULL_CONVERSION = YES;
				CLANG_WARN_OBJC_IMPLICIT_RETAIN_SELF = YES;
				CLANG_WARN_OBJC_LITERAL_CONVERSION = YES;
				CLANG_WARN_OBJC_ROOT_CLASS = YES_ERROR;
				CLANG_WARN_QUOTED_INCLUDE_IN_FRAMEWORK_HEADER = YES;
				CLANG_WARN_RANGE_LOOP_ANALYSIS = YES;
				CLANG_WARN_STRICT_PROTOTYPES = YES;
				CLANG_WARN_SUSPICIOUS_MOVE = YES;
				CLANG_WARN_UNGUARDED_AVAILABILITY = YES_AGGRESSIVE;
				CLANG_WARN_UNREACHABLE_CODE = YES;
				CLANG_WARN__DUPLICATE_METHOD_MATCH = YES;
				COPY_PHASE_STRIP = NO;
				DEBUG_INFORMATION_FORMAT = dwarf;
				ENABLE_STRICT_OBJC_MSGSEND = YES;
				ENABLE_TESTABILITY = YES;
				ENABLE_USER_SCRIPT_SANDBOXING = YES;
				GCC_C_LANGUAGE_STANDARD = gnu17;
				GCC_DYNAMIC_NO_PIC = NO;
				GCC_NO_COMMON_BLOCKS = YES;
				GCC_OPTIMIZATION_LEVEL = 0;
				GCC_PREPROCESSOR_DEFINITIONS = (
					"DEBUG=1",
					"$(inherited)",
				);
				GCC_WARN_64_TO_32_BIT_CONVERSION = YES;
				GCC_WARN_ABOUT_RETURN_TYPE = YES_ERROR;
				GCC_WARN_UNDECLARED_SELECTOR = YES;
				GCC_WARN_UNINITIALIZED_AUTOS = YES_AGGRESSIVE;
				GCC_WARN_UNUSED_FUNCTION = YES;
				GCC_WARN_UNUSED_VARIABLE = YES;
				IPHONEOS_DEPLOYMENT_TARGET = 17.4;
				LOCALIZATION_PREFERS_STRING_CATALOGS = YES;
				MTL_ENABLE_DEBUG_INFO = INCLUDE_SOURCE;
				MTL_FAST_MATH = YES;
				ONLY_ACTIVE_ARCH = YES;
				SDKROOT = iphoneos;
				SWIFT_ACTIVE_COMPILATION_CONDITIONS = "DEBUG $(inherited)";
				SWIFT_OPTIMIZATION_LEVEL = "-Onone";
			};
			name = Debug;
		};
		2E6F0CD92BB9BFDE005B755B /* Release */ = {
			isa = XCBuildConfiguration;
			buildSettings = {
				ALWAYS_SEARCH_USER_PATHS = NO;
				ASSETCATALOG_COMPILER_GENERATE_SWIFT_ASSET_SYMBOL_EXTENSIONS = YES;
				CLANG_ANALYZER_NONNULL = YES;
				CLANG_ANALYZER_NUMBER_OBJECT_CONVERSION = YES_AGGRESSIVE;
				CLANG_CXX_LANGUAGE_STANDARD = "gnu++20";
				CLANG_ENABLE_MODULES = YES;
				CLANG_ENABLE_OBJC_ARC = YES;
				CLANG_ENABLE_OBJC_WEAK = YES;
				CLANG_WARN_BLOCK_CAPTURE_AUTORELEASING = YES;
				CLANG_WARN_BOOL_CONVERSION = YES;
				CLANG_WARN_COMMA = YES;
				CLANG_WARN_CONSTANT_CONVERSION = YES;
				CLANG_WARN_DEPRECATED_OBJC_IMPLEMENTATIONS = YES;
				CLANG_WARN_DIRECT_OBJC_ISA_USAGE = YES_ERROR;
				CLANG_WARN_DOCUMENTATION_COMMENTS = YES;
				CLANG_WARN_EMPTY_BODY = YES;
				CLANG_WARN_ENUM_CONVERSION = YES;
				CLANG_WARN_INFINITE_RECURSION = YES;
				CLANG_WARN_INT_CONVERSION = YES;
				CLANG_WARN_NON_LITERAL_NULL_CONVERSION = YES;
				CLANG_WARN_OBJC_IMPLICIT_RETAIN_SELF = YES;
				CLANG_WARN_OBJC_LITERAL_CONVERSION = YES;
				CLANG_WARN_OBJC_ROOT_CLASS = YES_ERROR;
				CLANG_WARN_QUOTED_INCLUDE_IN_FRAMEWORK_HEADER = YES;
				CLANG_WARN_RANGE_LOOP_ANALYSIS = YES;
				CLANG_WARN_STRICT_PROTOTYPES = YES;
				CLANG_WARN_SUSPICIOUS_MOVE = YES;
				CLANG_WARN_UNGUARDED_AVAILABILITY = YES_AGGRESSIVE;
				CLANG_WARN_UNREACHABLE_CODE = YES;
				CLANG_WARN__DUPLICATE_METHOD_MATCH = YES;
				COPY_PHASE_STRIP = NO;
				DEBUG_INFORMATION_FORMAT = "dwarf-with-dsym";
				ENABLE_NS_ASSERTIONS = NO;
				ENABLE_STRICT_OBJC_MSGSEND = YES;
				ENABLE_USER_SCRIPT_SANDBOXING = YES;
				GCC_C_LANGUAGE_STANDARD = gnu17;
				GCC_NO_COMMON_BLOCKS = YES;
				GCC_WARN_64_TO_32_BIT_CONVERSION = YES;
				GCC_WARN_ABOUT_RETURN_TYPE = YES_ERROR;
				GCC_WARN_UNDECLARED_SELECTOR = YES;
				GCC_WARN_UNINITIALIZED_AUTOS = YES_AGGRESSIVE;
				GCC_WARN_UNUSED_FUNCTION = YES;
				GCC_WARN_UNUSED_VARIABLE = YES;
				IPHONEOS_DEPLOYMENT_TARGET = 17.4;
				LOCALIZATION_PREFERS_STRING_CATALOGS = YES;
				MTL_ENABLE_DEBUG_INFO = NO;
				MTL_FAST_MATH = YES;
				SDKROOT = iphoneos;
				SWIFT_COMPILATION_MODE = wholemodule;
				VALIDATE_PRODUCT = YES;
			};
			name = Release;
		};
		2E6F0CDB2BB9BFDE005B755B /* Debug */ = {
			isa = XCBuildConfiguration;
			buildSettings = {
				ASSETCATALOG_COMPILER_APPICON_NAME = AppIcon;
				ASSETCATALOG_COMPILER_GLOBAL_ACCENT_COLOR_NAME = AccentColor;
				CODE_SIGN_STYLE = Automatic;
				CURRENT_PROJECT_VERSION = 1;
				GENERATE_INFOPLIST_FILE = YES;
				INFOPLIST_FILE = "SOPT iOS Week1/Info.plist";
				INFOPLIST_KEY_UIApplicationSupportsIndirectInputEvents = YES;
				INFOPLIST_KEY_UILaunchStoryboardName = LaunchScreen;
				INFOPLIST_KEY_UISupportedInterfaceOrientations_iPad = "UIInterfaceOrientationPortrait UIInterfaceOrientationPortraitUpsideDown UIInterfaceOrientationLandscapeLeft UIInterfaceOrientationLandscapeRight";
				INFOPLIST_KEY_UISupportedInterfaceOrientations_iPhone = "UIInterfaceOrientationPortrait UIInterfaceOrientationLandscapeLeft UIInterfaceOrientationLandscapeRight";
				LD_RUNPATH_SEARCH_PATHS = (
					"$(inherited)",
					"@executable_path/Frameworks",
				);
				MARKETING_VERSION = 1.0;
				PRODUCT_BUNDLE_IDENTIFIER = "co.chandrala.SOPT-iOS-Week1";
				PRODUCT_NAME = "$(TARGET_NAME)";
				SWIFT_EMIT_LOC_STRINGS = YES;
				SWIFT_VERSION = 5.0;
				TARGETED_DEVICE_FAMILY = "1,2";
			};
			name = Debug;
		};
		2E6F0CDC2BB9BFDE005B755B /* Release */ = {
			isa = XCBuildConfiguration;
			buildSettings = {
				ASSETCATALOG_COMPILER_APPICON_NAME = AppIcon;
				ASSETCATALOG_COMPILER_GLOBAL_ACCENT_COLOR_NAME = AccentColor;
				CODE_SIGN_STYLE = Automatic;
				CURRENT_PROJECT_VERSION = 1;
				GENERATE_INFOPLIST_FILE = YES;
				INFOPLIST_FILE = "SOPT iOS Week1/Info.plist";
				INFOPLIST_KEY_UIApplicationSupportsIndirectInputEvents = YES;
				INFOPLIST_KEY_UILaunchStoryboardName = LaunchScreen;
				INFOPLIST_KEY_UISupportedInterfaceOrientations_iPad = "UIInterfaceOrientationPortrait UIInterfaceOrientationPortraitUpsideDown UIInterfaceOrientationLandscapeLeft UIInterfaceOrientationLandscapeRight";
				INFOPLIST_KEY_UISupportedInterfaceOrientations_iPhone = "UIInterfaceOrientationPortrait UIInterfaceOrientationLandscapeLeft UIInterfaceOrientationLandscapeRight";
				LD_RUNPATH_SEARCH_PATHS = (
					"$(inherited)",
					"@executable_path/Frameworks",
				);
				MARKETING_VERSION = 1.0;
				PRODUCT_BUNDLE_IDENTIFIER = "co.chandrala.SOPT-iOS-Week1";
				PRODUCT_NAME = "$(TARGET_NAME)";
				SWIFT_EMIT_LOC_STRINGS = YES;
				SWIFT_VERSION = 5.0;
				TARGETED_DEVICE_FAMILY = "1,2";
			};
			name = Release;
		};
/* End XCBuildConfiguration section */

/* Begin XCConfigurationList section */
		2E6F0CC12BB9BFDB005B755B /* Build configuration list for PBXProject "SOPT iOS Week1" */ = {
			isa = XCConfigurationList;
			buildConfigurations = (
				2E6F0CD82BB9BFDE005B755B /* Debug */,
				2E6F0CD92BB9BFDE005B755B /* Release */,
			);
			defaultConfigurationIsVisible = 0;
			defaultConfigurationName = Release;
		};
		2E6F0CDA2BB9BFDE005B755B /* Build configuration list for PBXNativeTarget "SOPT iOS Week1" */ = {
			isa = XCConfigurationList;
			buildConfigurations = (
				2E6F0CDB2BB9BFDE005B755B /* Debug */,
				2E6F0CDC2BB9BFDE005B755B /* Release */,
			);
			defaultConfigurationIsVisible = 0;
			defaultConfigurationName = Release;
		};
/* End XCConfigurationList section */
	};
	rootObject = 2E6F0CBE2BB9BFDB005B755B /* Project object */;
}
